
Microsoft Visual Studio Solution File, Format Version 12.00
Project("{FAE04EC0-301F-11D3-BF4B-00C04F79EFBC}") = "MigrationsTools.WebApi", "src\WebApi\MigrationsTools.WebApi\MigrationsTools.WebApi.csproj", "{A457604F-7DEC-4C52-A595-1AFC18908995}"
EndProject
Global
	GlobalSection(SolutionConfigurationPlatforms) = preSolution
		Debug|Any CPU = Debug|Any CPU
		Release|Any CPU = Release|Any CPU
	EndGlobalSection
	GlobalSection(ProjectConfigurationPlatforms) = postSolution
		{A457604F-7DEC-4C52-A595-1AFC18908995}.Debug|Any CPU.ActiveCfg = Debug|Any CPU
		{A457604F-7DEC-4C52-A595-1AFC18908995}.Debug|Any CPU.Build.0 = Debug|Any CPU
		{A457604F-7DEC-4C52-A595-1AFC18908995}.Release|Any CPU.ActiveCfg = Release|Any CPU
		{A457604F-7DEC-4C52-A595-1AFC18908995}.Release|Any CPU.Build.0 = Release|Any CPU
	EndGlobalSection
EndGlobal
